
Microsoft Visual Studio Solution File, Format Version 12.00
# Visual Studio Version 17
VisualStudioVersion = 17.0.32126.317
MinimumVisualStudioVersion = 10.0.40219.1
Project("{FAE04EC0-301F-11D3-BF4B-00C04F79EFBC}") = "PhpTestTemplateGenerator", "PhpTestTemplateGenerator\PhpTestTemplateGenerator.csproj", "{F37A9694-6531-4777-8073-C068BD696D38}"
EndProject
Global
	GlobalSection(SolutionConfigurationPlatforms) = preSolution
		Debug|Any CPU = Debug|Any CPU
		Release|Any CPU = Release|Any CPU
	EndGlobalSection
	GlobalSection(ProjectConfigurationPlatforms) = postSolution
		{F37A9694-6531-4777-8073-C068BD696D38}.Debug|Any CPU.ActiveCfg = Debug|Any CPU
		{F37A9694-6531-4777-8073-C068BD696D38}.Debug|Any CPU.Build.0 = Debug|Any CPU
		{F37A9694-6531-4777-8073-C068BD696D38}.Release|Any CPU.ActiveCfg = Release|Any CPU
		{F37A9694-6531-4777-8073-C068BD696D38}.Release|Any CPU.Build.0 = Release|Any CPU
	EndGlobalSection
	GlobalSection(SolutionProperties) = preSolution
		HideSolutionNode = FALSE
	EndGlobalSection
	GlobalSection(ExtensibilityGlobals) = postSolution
		SolutionGuid = {0A36A4FD-60A1-49A4-8CC8-13BA75802E8B}
	EndGlobalSection
EndGlobal
